lockfileVersion: '9.0'

settings:
  autoInstallPeers: true
  excludeLinksFromLockfile: false

importers:

  .:
    devDependencies:
      qinglong-api:
        specifier: ^1.2.0
        version: 1.2.0

packages:

  qinglong-api@1.2.0:
    resolution: {integrity: sha512-n3v1fuOYAaGmhYefAIFfVCCVprAxeLhzvhm5wK9ZT0Ph1daIXgQjtB4ylCS3FhvTFtM9J/mrnUPY+JK99xGqYw==}

snapshots:

  qinglong-api@1.2.0: {}
